
Microsoft Visual Studio Solution File, Format Version 12.00
# Visual Studio Version 17
VisualStudioVersion = 17.6.33712.159
MinimumVisualStudioVersion = 10.0.40219.1
Project("{8BC9CEB8-8B4A-11D0-8D11-00A0C91BC942}") = "三子棋", "三子棋.vcxproj", "{0A33841D-7672-4E44-B3C0-1AFD5650CD52}"
EndProject
Global
	GlobalSection(SolutionConfigurationPlatforms) = preSolution
		Debug|x64 = Debug|x64
		Debug|x86 = Debug|x86
		Release|x64 = Release|x64
		Release|x86 = Release|x86
	EndGlobalSection
	GlobalSection(ProjectConfigurationPlatforms) = postSolution
		{0A33841D-7672-4E44-B3C0-1AFD5650CD52}.Debug|x64.ActiveCfg = Debug|x64
		{0A33841D-7672-4E44-B3C0-1AFD5650CD52}.Debug|x64.Build.0 = Debug|x64
		{0A33841D-7672-4E44-B3C0-1AFD5650CD52}.Debug|x86.ActiveCfg = Debug|Win32
		{0A33841D-7672-4E44-B3C0-1AFD5650CD52}.Debug|x86.Build.0 = Debug|Win32
		{0A33841D-7672-4E44-B3C0-1AFD5650CD52}.Release|x64.ActiveCfg = Release|x64
		{0A33841D-7672-4E44-B3C0-1AFD5650CD52}.Release|x64.Build.0 = Release|x64
		{0A33841D-7672-4E44-B3C0-1AFD5650CD52}.Release|x86.ActiveCfg = Release|Win32
		{0A33841D-7672-4E44-B3C0-1AFD5650CD52}.Release|x86.Build.0 = Release|Win32
	EndGlobalSection
	GlobalSection(SolutionProperties) = preSolution
		HideSolutionNode = FALSE
	EndGlobalSection
	GlobalSection(ExtensibilityGlobals) = postSolution
		SolutionGuid = {1B1BEFF9-0EEA-45AB-8F02-80A13A5D2EF3}
	EndGlobalSection
EndGlobal
